# This file was autogenerated by Stack.
# You should not edit this file by hand.
# For more information, please see the documentation at:
#   https://docs.haskellstack.org/en/stable/topics/lock_files

packages: []
snapshots:
- completed:
    sha256: 472b3674f48bf9e5c4c230736d0a48f50e73d98fbf73fc73def7b761219e9954
    size: 690080
    url: https://raw.githubusercontent.com/commercialhaskell/stackage-snapshots/master/nightly/2025/5/16.yaml
  original: nightly-2025-05-16
